// !$*UTF8*$!
{
	archiveVersion = 1;
	classes = {
	};
	objectVersion = 50;
	objects = {

/* Begin PBXBuildFile section */
		BFD2360621135B760028A221 /* AppDelegate.swift in Sources */ = {isa = PBXBuildFile; fileRef = BFD2360521135B760028A221 /* AppDelegate.swift */; };
		BFD2360821135B760028A221 /* ViewController.swift in Sources */ = {isa = PBXBuildFile; fileRef = BFD2360721135B760028A221 /* ViewController.swift */; };
		BFD2360B21135B760028A221 /* Main.storyboard in Resources */ = {isa = PBXBuildFile; fileRef = BFD2360921135B760028A221 /* Main.storyboard */; };
		BFD2360D21135B7A0028A221 /* Assets.xcassets in Resources */ = {isa = PBXBuildFile; fileRef = BFD2360C21135B7A0028A221 /* Assets.xcassets */; };
		BFD2361021135B7A0028A221 /* LaunchScreen.storyboard in Resources */ = {isa = PBXBuildFile; fileRef = BFD2360E21135B7A0028A221 /* LaunchScreen.storyboard */; };
		BFD2361B21135CD50028A221 /* Tea.m4a in Resources */ = {isa = PBXBuildFile; fileRef = BFD2361721135CD30028A221 /* Tea.m4a */; };
		BFD2361C21135CD50028A221 /* Read.m4a in Resources */ = {isa = PBXBuildFile; fileRef = BFD2361821135CD40028A221 /* Read.m4a */; };
		BFD2361D21135CD50028A221 /* Slay.m4a in Resources */ = {isa = PBXBuildFile; fileRef = BFD2361921135CD50028A221 /* Slay.m4a */; };
		BFD2361E21135CD50028A221 /* Wig.m4a in Resources */ = {isa = PBXBuildFile; fileRef = BFD2361A21135CD50028A221 /* Wig.m4a */; };
		BFD2362021135DA80028A221 /* MainViewController.swift in Sources */ = {isa = PBXBuildFile; fileRef = BFD2361F21135DA80028A221 /* MainViewController.swift */; };
		BFD2362221135DB30028A221 /* SlayViewController.swift in Sources */ = {isa = PBXBuildFile; fileRef = BFD2362121135DB30028A221 /* SlayViewController.swift */; };
		BFD23624211360840028A221 /* File.swift in Sources */ = {isa = PBXBuildFile; fileRef = BFD23623211360840028A221 /* File.swift */; };
		BFD23626211360AB0028A221 /* giphy.gif in Resources */ = {isa = PBXBuildFile; fileRef = BFD23625211360AA0028A221 /* giphy.gif */; };
		BFD23628211364D70028A221 /* ReadViewController.swift in Sources */ = {isa = PBXBuildFile; fileRef = BFD23627211364D70028A221 /* ReadViewController.swift */; };
		BFD2362A211366FC0028A221 /* readgif.gif in Resources */ = {isa = PBXBuildFile; fileRef = BFD23629211366FB0028A221 /* readgif.gif */; };
		BFD2362C211367CC0028A221 /* TeaViewController.swift in Sources */ = {isa = PBXBuildFile; fileRef = BFD2362B211367CC0028A221 /* TeaViewController.swift */; };
		BFD2362E211368E00028A221 /* spill.gif in Resources */ = {isa = PBXBuildFile; fileRef = BFD2362D211368DF0028A221 /* spill.gif */; };
		BFD2363021136DA00028A221 /* WigViewController.swift in Sources */ = {isa = PBXBuildFile; fileRef = BFD2362F21136DA00028A221 /* WigViewController.swift */; };
		BFD236322113701A0028A221 /* wigok.gif in Resources */ = {isa = PBXBuildFile; fileRef = BFD236312113701A0028A221 /* wigok.gif */; };
/* End PBXBuildFile section */

/* Begin PBXFileReference section */
		BFD2360221135B760028A221 /* slang.app */ = {isa = PBXFileReference; explicitFileType = wrapper.application; includeInIndex = 0; path = slang.app; sourceTree = BUILT_PRODUCTS_DIR; };
		BFD2360521135B760028A221 /* AppDelegate.swift */ = {isa = PBXFileReference; lastKnownFileType = sourcecode.swift; path = AppDelegate.swift; sourceTree = "<group>"; };
		BFD2360721135B760028A221 /* ViewController.swift */ = {isa = PBXFileReference; lastKnownFileType = sourcecode.swift; path = ViewController.swift; sourceTree = "<group>"; };
		BFD2360A21135B760028A221 /* Base */ = {isa = PBXFileReference; lastKnownFileType = file.storyboard; name = Base; path = Base.lproj/Main.storyboard; sourceTree = "<group>"; };
		BFD2360C21135B7A0028A221 /* Assets.xcassets */ = {isa = PBXFileReference; lastKnownFileType = folder.assetcatalog; path = Assets.xcassets; sourceTree = "<group>"; };
		BFD2360F21135B7A0028A221 /* Base */ = {isa = PBXFileReference; lastKnownFileType = file.storyboard; name = Base; path = Base.lproj/LaunchScreen.storyboard; sourceTree = "<group>"; };
		BFD2361121135B7A0028A221 /* Info.plist */ = {isa = PBXFileReference; lastKnownFileType = text.plist.xml; path = Info.plist; sourceTree = "<group>"; };
		BFD2361721135CD30028A221 /* Tea.m4a */ = {isa = PBXFileReference; lastKnownFileType = file; path = Tea.m4a; sourceTree = "<group>"; };
		BFD2361821135CD40028A221 /* Read.m4a */ = {isa = PBXFileReference; lastKnownFileType = file; path = Read.m4a; sourceTree = "<group>"; };
		BFD2361921135CD50028A221 /* Slay.m4a */ = {isa = PBXFileReference; lastKnownFileType = file; path = Slay.m4a; sourceTree = "<group>"; };
		BFD2361A21135CD50028A221 /* Wig.m4a */ = {isa = PBXFileReference; lastKnownFileType = file; path = Wig.m4a; sourceTree = "<group>"; };
		BFD2361F21135DA80028A221 /* MainViewController.swift */ = {isa = PBXFileReference; lastKnownFileType = sourcecode.swift; path = MainViewController.swift; sourceTree = "<group>"; };
		BFD2362121135DB30028A221 /* SlayViewController.swift */ = {isa = PBXFileReference; lastKnownFileType = sourcecode.swift; path = SlayViewController.swift; sourceTree = "<group>"; };
		BFD23623211360840028A221 /* File.swift */ = {isa = PBXFileReference; lastKnownFileType = sourcecode.swift; path = File.swift; sourceTree = "<group>"; };
		BFD23625211360AA0028A221 /* giphy.gif */ = {isa = PBXFileReference; lastKnownFileType = image.gif; path = giphy.gif; sourceTree = "<group>"; };
		BFD23627211364D70028A221 /* ReadViewController.swift */ = {isa = PBXFileReference; lastKnownFileType = sourcecode.swift; path = ReadViewController.swift; sourceTree = "<group>"; };
		BFD23629211366FB0028A221 /* readgif.gif */ = {isa = PBXFileReference; lastKnownFileType = image.gif; path = readgif.gif; sourceTree = "<group>"; };
		BFD2362B211367CC0028A221 /* TeaViewController.swift */ = {isa = PBXFileReference; lastKnownFileType = sourcecode.swift; path = TeaViewController.swift; sourceTree = "<group>"; };
		BFD2362D211368DF0028A221 /* spill.gif */ = {isa = PBXFileReference; lastKnownFileType = image.gif; path = spill.gif; sourceTree = "<group>"; };
		BFD2362F21136DA00028A221 /* WigViewController.swift */ = {isa = PBXFileReference; lastKnownFileType = sourcecode.swift; path = WigViewController.swift; sourceTree = "<group>"; };
		BFD236312113701A0028A221 /* wigok.gif */ = {isa = PBXFileReference; lastKnownFileType = image.gif; path = wigok.gif; sourceTree = "<group>"; };
/* End PBXFileReference section */

/* Begin PBXFrameworksBuildPhase section */
		BFD235FF21135B760028A221 /* Frameworks */ = {
			isa = PBXFrameworksBuildPhase;
			buildActionMask = 2147483647;
			files = (
			);
			runOnlyForDeploymentPostprocessing = 0;
		};
/* End PBXFrameworksBuildPhase section */

/* Begin PBXGroup section */
		BFD235F921135B760028A221 = {
			isa = PBXGroup;
			children = (
				BFD2360421135B760028A221 /* slang */,
				BFD2360321135B760028A221 /* Products */,
			);
			sourceTree = "<group>";
		};
		BFD2360321135B760028A221 /* Products */ = {
			isa = PBXGroup;
			children = (
				BFD2360221135B760028A221 /* slang.app */,
			);
			name = Products;
			sourceTree = "<group>";
		};
		BFD2360421135B760028A221 /* slang */ = {
			isa = PBXGroup;
			children = (
				BFD2361821135CD40028A221 /* Read.m4a */,
				BFD23625211360AA0028A221 /* giphy.gif */,
				BFD2362D211368DF0028A221 /* spill.gif */,
				BFD23629211366FB0028A221 /* readgif.gif */,
				BFD236312113701A0028A221 /* wigok.gif */,
				BFD2361921135CD50028A221 /* Slay.m4a */,
				BFD2361721135CD30028A221 /* Tea.m4a */,
				BFD2361A21135CD50028A221 /* Wig.m4a */,
				BFD2360521135B760028A221 /* AppDelegate.swift */,
				BFD2360721135B760028A221 /* ViewController.swift */,
				BFD2361F21135DA80028A221 /* MainViewController.swift */,
				BFD2362121135DB30028A221 /* SlayViewController.swift */,
				BFD2360921135B760028A221 /* Main.storyboard */,
				BFD2362F21136DA00028A221 /* WigViewController.swift */,
				BFD2362B211367CC0028A221 /* TeaViewController.swift */,
				BFD2360C21135B7A0028A221 /* Assets.xcassets */,
				BFD2360E21135B7A0028A221 /* LaunchScreen.storyboard */,
				BFD2361121135B7A0028A221 /* Info.plist */,
				BFD23623211360840028A221 /* File.swift */,
				BFD23627211364D70028A221 /* ReadViewController.swift */,
			);
			path = slang;
			sourceTree = "<group>";
		};
/* End PBXGroup section */

/* Begin PBXNativeTarget section */
		BFD2360121135B760028A221 /* slang */ = {
			isa = PBXNativeTarget;
			buildConfigurationList = BFD2361421135B7A0028A221 /* Build configuration list for PBXNativeTarget "slang" */;
			buildPhases = (
				BFD235FE21135B760028A221 /* Sources */,
				BFD235FF21135B760028A221 /* Frameworks */,
				BFD2360021135B760028A221 /* Resources */,
			);
			buildRules = (
			);
			dependencies = (
			);
			name = slang;
			productName = slang;
			productReference = BFD2360221135B760028A221 /* slang.app */;
			productType = "com.apple.product-type.application";
		};
/* End PBXNativeTarget section */

/* Begin PBXProject section */
		BFD235FA21135B760028A221 /* Project object */ = {
			isa = PBXProject;
			attributes = {
				LastSwiftUpdateCheck = 0930;
				LastUpgradeCheck = 0930;
				ORGANIZATIONNAME = Swechha;
				TargetAttributes = {
					BFD2360121135B760028A221 = {
						CreatedOnToolsVersion = 9.3;
					};
				};
			};
			buildConfigurationList = BFD235FD21135B760028A221 /* Build configuration list for PBXProject "slang" */;
			compatibilityVersion = "Xcode 9.3";
			developmentRegion = en;
			hasScannedForEncodings = 0;
			knownRegions = (
				en,
				Base,
			);
			mainGroup = BFD235F921135B760028A221;
			productRefGroup = BFD2360321135B760028A221 /* Products */;
			projectDirPath = "";
			projectRoot = "";
			targets = (
				BFD2360121135B760028A221 /* slang */,
			);
		};
/* End PBXProject section */

/* Begin PBXResourcesBuildPhase section */
		BFD2360021135B760028A221 /* Resources */ = {
			isa = PBXResourcesBuildPhase;
			buildActionMask = 2147483647;
			files = (
				BFD236322113701A0028A221 /* wigok.gif in Resources */,
				BFD2361021135B7A0028A221 /* LaunchScreen.storyboard in Resources */,
				BFD2361B21135CD50028A221 /* Tea.m4a in Resources */,
				BFD2360D21135B7A0028A221 /* Assets.xcassets in Resources */,
				BFD2360B21135B760028A221 /* Main.storyboard in Resources */,
				BFD2362A211366FC0028A221 /* readgif.gif in Resources */,
				BFD2361C21135CD50028A221 /* Read.m4a in Resources */,
				BFD2361E21135CD50028A221 /* Wig.m4a in Resources */,
				BFD2362E211368E00028A221 /* spill.gif in Resources */,
				BFD23626211360AB0028A221 /* giphy.gif in Resources */,
				BFD2361D21135CD50028A221 /* Slay.m4a in Resources */,
			);
			runOnlyForDeploymentPostprocessing = 0;
		};
/* End PBXResourcesBuildPhase section */

/* Begin PBXSourcesBuildPhase section */
		BFD235FE21135B760028A221 /* Sources */ = {
			isa = PBXSourcesBuildPhase;
			buildActionMask = 2147483647;
			files = (
				BFD2363021136DA00028A221 /* WigViewController.swift in Sources */,
				BFD23624211360840028A221 /* File.swift in Sources */,
				BFD2362021135DA80028A221 /* MainViewController.swift in Sources */,
				BFD2360821135B760028A221 /* ViewController.swift in Sources */,
				BFD2360621135B760028A221 /* AppDelegate.swift in Sources */,
				BFD2362C211367CC0028A221 /* TeaViewController.swift in Sources */,
				BFD23628211364D70028A221 /* ReadViewController.swift in Sources */,
				BFD2362221135DB30028A221 /* SlayViewController.swift in Sources */,
			);
			runOnlyForDeploymentPostprocessing = 0;
		};
/* End PBXSourcesBuildPhase section */

/* Begin PBXVariantGroup section */
		BFD2360921135B760028A221 /* Main.storyboard */ = {
			isa = PBXVariantGroup;
			children = (
				BFD2360A21135B760028A221 /* Base */,
			);
			name = Main.storyboard;
			sourceTree = "<group>";
		};
		BFD2360E21135B7A0028A221 /* LaunchScreen.storyboard */ = {
			isa = PBXVariantGroup;
			children = (
				BFD2360F21135B7A0028A221 /* Base */,
			);
			name = LaunchScreen.storyboard;
			sourceTree = "<group>";
		};
/* End PBXVariantGroup section */

/* Begin XCBuildConfiguration section */
		BFD2361221135B7A0028A221 /* Debug */ = {
			isa = XCBuildConfiguration;
			buildSettings = {
				ALWAYS_SEARCH_USER_PATHS = NO;
				CLANG_ANALYZER_NONNULL = YES;
				CLANG_ANALYZER_NUMBER_OBJECT_CONVERSION = YES_AGGRESSIVE;
				CLANG_CXX_LANGUAGE_STANDARD = "gnu++14";
				CLANG_CXX_LIBRARY = "libc++";
				CLANG_ENABLE_MODULES = YES;
				CLANG_ENABLE_OBJC_ARC = YES;
				CLANG_ENABLE_OBJC_WEAK = YES;
				CLANG_WARN_BLOCK_CAPTURE_AUTORELEASING = YES;
				CLANG_WARN_BOOL_CONVERSION = YES;
				CLANG_WARN_COMMA = YES;
				CLANG_WARN_CONSTANT_CONVERSION = YES;
				CLANG_WARN_DEPRECATED_OBJC_IMPLEMENTATIONS = YES;
				CLANG_WARN_DIRECT_OBJC_ISA_USAGE = YES_ERROR;
				CLANG_WARN_DOCUMENTATION_COMMENTS = YES;
				CLANG_WARN_EMPTY_BODY = YES;
				CLANG_WARN_ENUM_CONVERSION = YES;
				CLANG_WARN_INFINITE_RECURSION = YES;
				CLANG_WARN_INT_CONVERSION = YES;
				CLANG_WARN_NON_LITERAL_NULL_CONVERSION = YES;
				CLANG_WARN_OBJC_IMPLICIT_RETAIN_SELF = YES;
				CLANG_WARN_OBJC_LITERAL_CONVERSION = YES;
				CLANG_WARN_OBJC_ROOT_CLASS = YES_ERROR;
				CLANG_WARN_RANGE_LOOP_ANALYSIS = YES;
				CLANG_WARN_STRICT_PROTOTYPES = YES;
				CLANG_WARN_SUSPICIOUS_MOVE = YES;
				CLANG_WARN_UNGUARDED_AVAILABILITY = YES_AGGRESSIVE;
				CLANG_WARN_UNREACHABLE_CODE = YES;
				CLANG_WARN__DUPLICATE_METHOD_MATCH = YES;
				CODE_SIGN_IDENTITY = "iPhone Developer";
				COPY_PHASE_STRIP = NO;
				DEBUG_INFORMATION_FORMAT = dwarf;
				ENABLE_STRICT_OBJC_MSGSEND = YES;
				ENABLE_TESTABILITY = YES;
				GCC_C_LANGUAGE_STANDARD = gnu11;
				GCC_DYNAMIC_NO_PIC = NO;
				GCC_NO_COMMON_BLOCKS = YES;
				GCC_OPTIMIZATION_LEVEL = 0;
				GCC_PREPROCESSOR_DEFINITIONS = (
					"DEBUG=1",
					"$(inherited)",
				);
				GCC_WARN_64_TO_32_BIT_CONVERSION = YES;
				GCC_WARN_ABOUT_RETURN_TYPE = YES_ERROR;
				GCC_WARN_UNDECLARED_SELECTOR = YES;
				GCC_WARN_UNINITIALIZED_AUTOS = YES_AGGRESSIVE;
				GCC_WARN_UNUSED_FUNCTION = YES;
				GCC_WARN_UNUSED_VARIABLE = YES;
				IPHONEOS_DEPLOYMENT_TARGET = 11.3;
				MTL_ENABLE_DEBUG_INFO = YES;
				ONLY_ACTIVE_ARCH = YES;
				SDKROOT = iphoneos;
				SWIFT_ACTIVE_COMPILATION_CONDITIONS = DEBUG;
				SWIFT_OPTIMIZATION_LEVEL = "-Onone";
			};
			name = Debug;
		};
		BFD2361321135B7A0028A221 /* Release */ = {
			isa = XCBuildConfiguration;
			buildSettings = {
				ALWAYS_SEARCH_USER_PATHS = NO;
				CLANG_ANALYZER_NONNULL = YES;
				CLANG_ANALYZER_NUMBER_OBJECT_CONVERSION = YES_AGGRESSIVE;
				CLANG_CXX_LANGUAGE_STANDARD = "gnu++14";
				CLANG_CXX_LIBRARY = "libc++";
				CLANG_ENABLE_MODULES = YES;
				CLANG_ENABLE_OBJC_ARC = YES;
				CLANG_ENABLE_OBJC_WEAK = YES;
				CLANG_WARN_BLOCK_CAPTURE_AUTORELEASING = YES;
				CLANG_WARN_BOOL_CONVERSION = YES;
				CLANG_WARN_COMMA = YES;
				CLANG_WARN_CONSTANT_CONVERSION = YES;
				CLANG_WARN_DEPRECATED_OBJC_IMPLEMENTATIONS = YES;
				CLANG_WARN_DIRECT_OBJC_ISA_USAGE = YES_ERROR;
				CLANG_WARN_DOCUMENTATION_COMMENTS = YES;
				CLANG_WARN_EMPTY_BODY = YES;
				CLANG_WARN_ENUM_CONVERSION = YES;
				CLANG_WARN_INFINITE_RECURSION = YES;
				CLANG_WARN_INT_CONVERSION = YES;
				CLANG_WARN_NON_LITERAL_NULL_CONVERSION = YES;
				CLANG_WARN_OBJC_IMPLICIT_RETAIN_SELF = YES;
				CLANG_WARN_OBJC_LITERAL_CONVERSION = YES;
				CLANG_WARN_OBJC_ROOT_CLASS = YES_ERROR;
				CLANG_WARN_RANGE_LOOP_ANALYSIS = YES;
				CLANG_WARN_STRICT_PROTOTYPES = YES;
				CLANG_WARN_SUSPICIOUS_MOVE = YES;
				CLANG_WARN_UNGUARDED_AVAILABILITY = YES_AGGRESSIVE;
				CLANG_WARN_UNREACHABLE_CODE = YES;
				CLANG_WARN__DUPLICATE_METHOD_MATCH = YES;
				CODE_SIGN_IDENTITY = "iPhone Developer";
				COPY_PHASE_STRIP = NO;
				DEBUG_INFORMATION_FORMAT = "dwarf-with-dsym";
				ENABLE_NS_ASSERTIONS = NO;
				ENABLE_STRICT_OBJC_MSGSEND = YES;
				GCC_C_LANGUAGE_STANDARD = gnu11;
				GCC_NO_COMMON_BLOCKS = YES;
				GCC_WARN_64_TO_32_BIT_CONVERSION = YES;
				GCC_WARN_ABOUT_RETURN_TYPE = YES_ERROR;
				GCC_WARN_UNDECLARED_SELECTOR = YES;
				GCC_WARN_UNINITIALIZED_AUTOS = YES_AGGRESSIVE;
				GCC_WARN_UNUSED_FUNCTION = YES;
				GCC_WARN_UNUSED_VARIABLE = YES;
				IPHONEOS_DEPLOYMENT_TARGET = 11.3;
				MTL_ENABLE_DEBUG_INFO = NO;
				SDKROOT = iphoneos;
				SWIFT_COMPILATION_MODE = wholemodule;
				SWIFT_OPTIMIZATION_LEVEL = "-O";
				VALIDATE_PRODUCT = YES;
			};
			name = Release;
		};
		BFD2361521135B7A0028A221 /* Debug */ = {
			isa = XCBuildConfiguration;
			buildSettings = {
				ASSETCATALOG_COMPILER_APPICON_NAME = AppIcon;
				CODE_SIGN_STYLE = Automatic;
				INFOPLIST_FILE = slang/Info.plist;
				LD_RUNPATH_SEARCH_PATHS = (
					"$(inherited)",
					"@executable_path/Frameworks",
				);
				PRODUCT_BUNDLE_IDENTIFIER = com.swechha.slang;
				PRODUCT_NAME = "$(TARGET_NAME)";
				SWIFT_VERSION = 4.0;
				TARGETED_DEVICE_FAMILY = "1,2";
			};
			name = Debug;
		};
		BFD2361621135B7A0028A221 /* Release */ = {
			isa = XCBuildConfiguration;
			buildSettings = {
				ASSETCATALOG_COMPILER_APPICON_NAME = AppIcon;
				CODE_SIGN_STYLE = Automatic;
				INFOPLIST_FILE = slang/Info.plist;
				LD_RUNPATH_SEARCH_PATHS = (
					"$(inherited)",
					"@executable_path/Frameworks",
				);
				PRODUCT_BUNDLE_IDENTIFIER = com.swechha.slang;
				PRODUCT_NAME = "$(TARGET_NAME)";
				SWIFT_VERSION = 4.0;
				TARGETED_DEVICE_FAMILY = "1,2";
			};
			name = Release;
		};
/* End XCBuildConfiguration section */

/* Begin XCConfigurationList section */
		BFD235FD21135B760028A221 /* Build configuration list for PBXProject "slang" */ = {
			isa = XCConfigurationList;
			buildConfigurations = (
				BFD2361221135B7A0028A221 /* Debug */,
				BFD2361321135B7A0028A221 /* Release */,
			);
			defaultConfigurationIsVisible = 0;
			defaultConfigurationName = Release;
		};
		BFD2361421135B7A0028A221 /* Build configuration list for PBXNativeTarget "slang" */ = {
			isa = XCConfigurationList;
			buildConfigurations = (
				BFD2361521135B7A0028A221 /* Debug */,
				BFD2361621135B7A0028A221 /* Release */,
			);
			defaultConfigurationIsVisible = 0;
			defaultConfigurationName = Release;
		};
/* End XCConfigurationList section */
	};
	rootObject = BFD235FA21135B760028A221 /* Project object */;
}
